# @generated by Move, please check-in and do not edit manually.

[move]
version = 2
manifest_digest = "03081E742EDC53C0BBF06B8851E224B8068C1278E48BECF0E82F1C9E60B6ACCC"
deps_digest = "F8BBB0CCB2491CA29A3DF03D6F92277A4F3574266507ACD77214D37ECA3F3082"
dependencies = [
  { name = "Iota" },
]

[[move.package]]
name = "Iota"
source = { git = "https://github.com/iotaledger/iota.git", rev = "framework/testnet", subdir = "crates/iota-framework/packages/iota-framework" }

dependencies = [
  { name = "MoveStdlib" },
]

[[move.package]]
name = "MoveStdlib"
source = { git = "https://github.com/iotaledger/iota.git", rev = "framework/testnet", subdir = "crates\\iota-framework\\packages\\move-stdlib" }

[move.toolchain-version]
compiler-version = "0.9.2-rc"
edition = "2024.beta"
flavor = "iota"

[env]

[env.testnet]
chain-id = "2304aa97"
original-published-id = "0x6a0fc6a693cf0382f4b7b7a53597fc5315555b21b0f3bf3d3a48dc4b9f64dfa3"
latest-published-id = "0x6a0fc6a693cf0382f4b7b7a53597fc5315555b21b0f3bf3d3a48dc4b9f64dfa3"
published-version = "1"
